// !$*UTF8*$!
{
	archiveVersion = 1;
	classes = {
	};
	objectVersion = 56;
	objects = {

/* Begin PBXBuildFile section */
		2273AA892B1BE1A00023D79F /* MGGameApp.swift in Sources */ = {isa = PBXBuildFile; fileRef = 2273AA882B1BE1A00023D79F /* MGGameApp.swift */; };
		2273AA8D2B1BE1A10023D79F /* Assets.xcassets in Resources */ = {isa = PBXBuildFile; fileRef = 2273AA8C2B1BE1A10023D79F /* Assets.xcassets */; };
		2273AA912B1BE1A10023D79F /* Preview Assets.xcassets in Resources */ = {isa = PBXBuildFile; fileRef = 2273AA902B1BE1A10023D79F /* Preview Assets.xcassets */; };
		2273AA982B1BE2140023D79F /* ConnectionService.swift in Sources */ = {isa = PBXBuildFile; fileRef = 2273AA972B1BE2140023D79F /* ConnectionService.swift */; };
		2273AAA42B1BF33F0023D79F /* DecodeService.swift in Sources */ = {isa = PBXBuildFile; fileRef = 2273AAA32B1BF33F0023D79F /* DecodeService.swift */; };
		2273AAA62B1BF44F0023D79F /* RoomModel.swift in Sources */ = {isa = PBXBuildFile; fileRef = 2273AAA52B1BF44F0023D79F /* RoomModel.swift */; };
		2273AAA82B1BF7100023D79F /* GenericMessage.swift in Sources */ = {isa = PBXBuildFile; fileRef = 2273AAA72B1BF7100023D79F /* GenericMessage.swift */; };
		2273AAAA2B1D11E20023D79F /* HostJoinView.swift in Sources */ = {isa = PBXBuildFile; fileRef = 2273AAA92B1D11E20023D79F /* HostJoinView.swift */; };
		2273AAAC2B1D14750023D79F /* PlayerModel.swift in Sources */ = {isa = PBXBuildFile; fileRef = 2273AAAB2B1D14750023D79F /* PlayerModel.swift */; };
		2273AAB12B1E772A0023D79F /* PlayerConfigView.swift in Sources */ = {isa = PBXBuildFile; fileRef = 2273AAB02B1E772A0023D79F /* PlayerConfigView.swift */; };
		802169762B1EA55800BF9F5F /* SplashScreenView.swift in Sources */ = {isa = PBXBuildFile; fileRef = 802169752B1EA55800BF9F5F /* SplashScreenView.swift */; };
		80286D5D2B1EA06A00772A9C /* ImageManager.swift in Sources */ = {isa = PBXBuildFile; fileRef = 80286D5C2B1EA06A00772A9C /* ImageManager.swift */; };
		80286D602B1EA07A00772A9C /* ColorManager.swift in Sources */ = {isa = PBXBuildFile; fileRef = 80286D5F2B1EA07A00772A9C /* ColorManager.swift */; };
		809724092B211DB30057932B /* WaitingRoomView.swift in Sources */ = {isa = PBXBuildFile; fileRef = 809724082B211DB30057932B /* WaitingRoomView.swift */; };
		8097240B2B2127F60057932B /* PlayerStatusModel.swift in Sources */ = {isa = PBXBuildFile; fileRef = 8097240A2B2127F60057932B /* PlayerStatusModel.swift */; };
		8097240D2B2132980057932B /* PlayerCard.swift in Sources */ = {isa = PBXBuildFile; fileRef = 8097240C2B2132980057932B /* PlayerCard.swift */; };
		8097240F2B2133160057932B /* WaitingRoomHeader.swift in Sources */ = {isa = PBXBuildFile; fileRef = 8097240E2B2133160057932B /* WaitingRoomHeader.swift */; };
		809724112B2133A30057932B /* ButtonsSection.swift in Sources */ = {isa = PBXBuildFile; fileRef = 809724102B2133A30057932B /* ButtonsSection.swift */; };
		80A2F8052B1FC4AC00936339 /* FontManager.swift in Sources */ = {isa = PBXBuildFile; fileRef = 80A2F8042B1FC4AC00936339 /* FontManager.swift */; };
		80A2F8082B1FC56900936339 /* Nippo-Bold.otf in Resources */ = {isa = PBXBuildFile; fileRef = 80A2F8072B1FC56900936339 /* Nippo-Bold.otf */; };
		80A2F80D2B1FC8B900936339 /* Nippo-Medium.otf in Resources */ = {isa = PBXBuildFile; fileRef = 80A2F8092B1FC57400936339 /* Nippo-Medium.otf */; };
		80A2F80E2B1FC8BD00936339 /* Nippo-Regular.otf in Resources */ = {isa = PBXBuildFile; fileRef = 80A2F80A2B1FC57B00936339 /* Nippo-Regular.otf */; };
		80A2F80F2B1FC8C000936339 /* Nippo-Light.otf in Resources */ = {isa = PBXBuildFile; fileRef = 80A2F80B2B1FC58000936339 /* Nippo-Light.otf */; };
		80A2F8102B1FC8C300936339 /* Nippo-Extralight.otf in Resources */ = {isa = PBXBuildFile; fileRef = 80A2F80C2B1FC58700936339 /* Nippo-Extralight.otf */; };
		80A2F8142B1FE43C00936339 /* GameViewModel.swift in Sources */ = {isa = PBXBuildFile; fileRef = 80A2F8132B1FE43B00936339 /* GameViewModel.swift */; };
		80A2F8182B1FF3C400936339 /* RoomCardView.swift in Sources */ = {isa = PBXBuildFile; fileRef = 80A2F8172B1FF3C400936339 /* RoomCardView.swift */; };
		FF59C81E2B4852D300BDB87F /* AppCoordinator.swift in Sources */ = {isa = PBXBuildFile; fileRef = FF59C81D2B4852D300BDB87F /* AppCoordinator.swift */; };
		FF59C8212B48538800BDB87F /* Coordinator.swift in Sources */ = {isa = PBXBuildFile; fileRef = FF59C8202B48538800BDB87F /* Coordinator.swift */; };
		FF59C8232B48539800BDB87F /* FlowBuilder.swift in Sources */ = {isa = PBXBuildFile; fileRef = FF59C8222B48539800BDB87F /* FlowBuilder.swift */; };
		FF59C8252B4853D500BDB87F /* Route.swift in Sources */ = {isa = PBXBuildFile; fileRef = FF59C8242B4853D500BDB87F /* Route.swift */; };
		FF59C8272B4854DF00BDB87F /* PlayerConfigRoute.swift in Sources */ = {isa = PBXBuildFile; fileRef = FF59C8262B4854DF00BDB87F /* PlayerConfigRoute.swift */; };
		FF59C8292B485B3E00BDB87F /* HostJoinRoomRoute.swift in Sources */ = {isa = PBXBuildFile; fileRef = FF59C8282B485B3E00BDB87F /* HostJoinRoomRoute.swift */; };
		FF59C82D2B485DB900BDB87F /* KeysService.swift in Sources */ = {isa = PBXBuildFile; fileRef = FF59C82C2B485DB900BDB87F /* KeysService.swift */; };
		FF6FE2132B4CA0B600EB6AC8 /* WaitingRoomRouter.swift in Sources */ = {isa = PBXBuildFile; fileRef = FF6FE2122B4CA0B600EB6AC8 /* WaitingRoomRouter.swift */; };
		FF6FE2152B4CA53200EB6AC8 /* GameScreen.swift in Sources */ = {isa = PBXBuildFile; fileRef = FF6FE2142B4CA53200EB6AC8 /* GameScreen.swift */; };
		FF6FE2172B4CA54400EB6AC8 /* GameScreenRoute.swift in Sources */ = {isa = PBXBuildFile; fileRef = FF6FE2162B4CA54400EB6AC8 /* GameScreenRoute.swift */; };
/* End PBXBuildFile section */

/* Begin PBXFileReference section */
		2273AA852B1BE1A00023D79F /* MGGame.app */ = {isa = PBXFileReference; explicitFileType = wrapper.application; includeInIndex = 0; path = MGGame.app; sourceTree = BUILT_PRODUCTS_DIR; };
		2273AA882B1BE1A00023D79F /* MGGameApp.swift */ = {isa = PBXFileReference; lastKnownFileType = sourcecode.swift; path = MGGameApp.swift; sourceTree = "<group>"; };
		2273AA8C2B1BE1A10023D79F /* Assets.xcassets */ = {isa = PBXFileReference; lastKnownFileType = folder.assetcatalog; path = Assets.xcassets; sourceTree = "<group>"; };
		2273AA8E2B1BE1A10023D79F /* MGGame.entitlements */ = {isa = PBXFileReference; lastKnownFileType = text.plist.entitlements; path = MGGame.entitlements; sourceTree = "<group>"; };
		2273AA902B1BE1A10023D79F /* Preview Assets.xcassets */ = {isa = PBXFileReference; lastKnownFileType = folder.assetcatalog; path = "Preview Assets.xcassets"; sourceTree = "<group>"; };
		2273AA972B1BE2140023D79F /* ConnectionService.swift */ = {isa = PBXFileReference; lastKnownFileType = sourcecode.swift; path = ConnectionService.swift; sourceTree = "<group>"; };
		2273AAA02B1BE64A0023D79F /* Info.plist */ = {isa = PBXFileReference; lastKnownFileType = text.plist; path = Info.plist; sourceTree = "<group>"; };
		2273AAA32B1BF33F0023D79F /* DecodeService.swift */ = {isa = PBXFileReference; lastKnownFileType = sourcecode.swift; path = DecodeService.swift; sourceTree = "<group>"; };
		2273AAA52B1BF44F0023D79F /* RoomModel.swift */ = {isa = PBXFileReference; lastKnownFileType = sourcecode.swift; path = RoomModel.swift; sourceTree = "<group>"; };
		2273AAA72B1BF7100023D79F /* GenericMessage.swift */ = {isa = PBXFileReference; lastKnownFileType = sourcecode.swift; path = GenericMessage.swift; sourceTree = "<group>"; };
		2273AAA92B1D11E20023D79F /* HostJoinView.swift */ = {isa = PBXFileReference; lastKnownFileType = sourcecode.swift; path = HostJoinView.swift; sourceTree = "<group>"; };
		2273AAAB2B1D14750023D79F /* PlayerModel.swift */ = {isa = PBXFileReference; lastKnownFileType = sourcecode.swift; path = PlayerModel.swift; sourceTree = "<group>"; };
		2273AAB02B1E772A0023D79F /* PlayerConfigView.swift */ = {isa = PBXFileReference; lastKnownFileType = sourcecode.swift; path = PlayerConfigView.swift; sourceTree = "<group>"; };
		802169752B1EA55800BF9F5F /* SplashScreenView.swift */ = {isa = PBXFileReference; lastKnownFileType = sourcecode.swift; path = SplashScreenView.swift; sourceTree = "<group>"; };
		80286D5C2B1EA06A00772A9C /* ImageManager.swift */ = {isa = PBXFileReference; lastKnownFileType = sourcecode.swift; path = ImageManager.swift; sourceTree = "<group>"; };
		80286D5F2B1EA07A00772A9C /* ColorManager.swift */ = {isa = PBXFileReference; lastKnownFileType = sourcecode.swift; path = ColorManager.swift; sourceTree = "<group>"; };
		809724082B211DB30057932B /* WaitingRoomView.swift */ = {isa = PBXFileReference; lastKnownFileType = sourcecode.swift; path = WaitingRoomView.swift; sourceTree = "<group>"; };
		8097240A2B2127F60057932B /* PlayerStatusModel.swift */ = {isa = PBXFileReference; lastKnownFileType = sourcecode.swift; path = PlayerStatusModel.swift; sourceTree = "<group>"; };
		8097240C2B2132980057932B /* PlayerCard.swift */ = {isa = PBXFileReference; lastKnownFileType = sourcecode.swift; path = PlayerCard.swift; sourceTree = "<group>"; };
		8097240E2B2133160057932B /* WaitingRoomHeader.swift */ = {isa = PBXFileReference; lastKnownFileType = sourcecode.swift; path = WaitingRoomHeader.swift; sourceTree = "<group>"; };
		809724102B2133A30057932B /* ButtonsSection.swift */ = {isa = PBXFileReference; lastKnownFileType = sourcecode.swift; path = ButtonsSection.swift; sourceTree = "<group>"; };
		80A2F8042B1FC4AC00936339 /* FontManager.swift */ = {isa = PBXFileReference; lastKnownFileType = sourcecode.swift; path = FontManager.swift; sourceTree = "<group>"; };
		80A2F8072B1FC56900936339 /* Nippo-Bold.otf */ = {isa = PBXFileReference; lastKnownFileType = file; path = "Nippo-Bold.otf"; sourceTree = "<group>"; };
		80A2F8092B1FC57400936339 /* Nippo-Medium.otf */ = {isa = PBXFileReference; lastKnownFileType = file; path = "Nippo-Medium.otf"; sourceTree = "<group>"; };
		80A2F80A2B1FC57B00936339 /* Nippo-Regular.otf */ = {isa = PBXFileReference; lastKnownFileType = file; path = "Nippo-Regular.otf"; sourceTree = "<group>"; };
		80A2F80B2B1FC58000936339 /* Nippo-Light.otf */ = {isa = PBXFileReference; lastKnownFileType = file; path = "Nippo-Light.otf"; sourceTree = "<group>"; };
		80A2F80C2B1FC58700936339 /* Nippo-Extralight.otf */ = {isa = PBXFileReference; lastKnownFileType = file; path = "Nippo-Extralight.otf"; sourceTree = "<group>"; };
		80A2F8132B1FE43B00936339 /* GameViewModel.swift */ = {isa = PBXFileReference; lastKnownFileType = sourcecode.swift; path = GameViewModel.swift; sourceTree = "<group>"; };
		80A2F8172B1FF3C400936339 /* RoomCardView.swift */ = {isa = PBXFileReference; lastKnownFileType = sourcecode.swift; path = RoomCardView.swift; sourceTree = "<group>"; };
		FF59C81D2B4852D300BDB87F /* AppCoordinator.swift */ = {isa = PBXFileReference; lastKnownFileType = sourcecode.swift; path = AppCoordinator.swift; sourceTree = "<group>"; };
		FF59C8202B48538800BDB87F /* Coordinator.swift */ = {isa = PBXFileReference; lastKnownFileType = sourcecode.swift; path = Coordinator.swift; sourceTree = "<group>"; };
		FF59C8222B48539800BDB87F /* FlowBuilder.swift */ = {isa = PBXFileReference; lastKnownFileType = sourcecode.swift; path = FlowBuilder.swift; sourceTree = "<group>"; };
		FF59C8242B4853D500BDB87F /* Route.swift */ = {isa = PBXFileReference; lastKnownFileType = sourcecode.swift; path = Route.swift; sourceTree = "<group>"; };
		FF59C8262B4854DF00BDB87F /* PlayerConfigRoute.swift */ = {isa = PBXFileReference; lastKnownFileType = sourcecode.swift; path = PlayerConfigRoute.swift; sourceTree = "<group>"; };
		FF59C8282B485B3E00BDB87F /* HostJoinRoomRoute.swift */ = {isa = PBXFileReference; lastKnownFileType = sourcecode.swift; path = HostJoinRoomRoute.swift; sourceTree = "<group>"; };
		FF59C82C2B485DB900BDB87F /* KeysService.swift */ = {isa = PBXFileReference; lastKnownFileType = sourcecode.swift; path = KeysService.swift; sourceTree = "<group>"; };
		FF6FE2122B4CA0B600EB6AC8 /* WaitingRoomRouter.swift */ = {isa = PBXFileReference; lastKnownFileType = sourcecode.swift; path = WaitingRoomRouter.swift; sourceTree = "<group>"; };
		FF6FE2142B4CA53200EB6AC8 /* GameScreen.swift */ = {isa = PBXFileReference; lastKnownFileType = sourcecode.swift; path = GameScreen.swift; sourceTree = "<group>"; };
		FF6FE2162B4CA54400EB6AC8 /* GameScreenRoute.swift */ = {isa = PBXFileReference; lastKnownFileType = sourcecode.swift; path = GameScreenRoute.swift; sourceTree = "<group>"; };
/* End PBXFileReference section */

/* Begin PBXFrameworksBuildPhase section */
		2273AA822B1BE1A00023D79F /* Frameworks */ = {
			isa = PBXFrameworksBuildPhase;
			buildActionMask = 2147483647;
			files = (
			);
			runOnlyForDeploymentPostprocessing = 0;
		};
/* End PBXFrameworksBuildPhase section */

/* Begin PBXGroup section */
		2273AA7C2B1BE1A00023D79F = {
			isa = PBXGroup;
			children = (
				2273AA872B1BE1A00023D79F /* MGGame */,
				2273AA862B1BE1A00023D79F /* Products */,
			);
			sourceTree = "<group>";
		};
		2273AA862B1BE1A00023D79F /* Products */ = {
			isa = PBXGroup;
			children = (
				2273AA852B1BE1A00023D79F /* MGGame.app */,
			);
			name = Products;
			sourceTree = "<group>";
		};
		2273AA872B1BE1A00023D79F /* MGGame */ = {
			isa = PBXGroup;
			children = (
				FF59C82A2B485D9000BDB87F /* Helpers */,
				FF59C81F2B48537200BDB87F /* Protocols */,
				2273AAA02B1BE64A0023D79F /* Info.plist */,
				2273AA9C2B1BE2FB0023D79F /* App */,
				2273AA9B2B1BE2F00023D79F /* Services */,
				2273AA9D2B1BE3120023D79F /* Models */,
				2273AA9E2B1BE3270023D79F /* Resources */,
				2273AA9F2B1BE33A0023D79F /* Features */,
				2273AA8E2B1BE1A10023D79F /* MGGame.entitlements */,
				2273AA8F2B1BE1A10023D79F /* Preview Content */,
			);
			path = MGGame;
			sourceTree = "<group>";
		};
		2273AA8F2B1BE1A10023D79F /* Preview Content */ = {
			isa = PBXGroup;
			children = (
				2273AA902B1BE1A10023D79F /* Preview Assets.xcassets */,
			);
			path = "Preview Content";
			sourceTree = "<group>";
		};
		2273AA9B2B1BE2F00023D79F /* Services */ = {
			isa = PBXGroup;
			children = (
				2273AA972B1BE2140023D79F /* ConnectionService.swift */,
				2273AAA32B1BF33F0023D79F /* DecodeService.swift */,
			);
			path = Services;
			sourceTree = "<group>";
		};
		2273AA9C2B1BE2FB0023D79F /* App */ = {
			isa = PBXGroup;
			children = (
				2273AA882B1BE1A00023D79F /* MGGameApp.swift */,
				80A2F8132B1FE43B00936339 /* GameViewModel.swift */,
				FF59C81D2B4852D300BDB87F /* AppCoordinator.swift */,
			);
			path = App;
			sourceTree = "<group>";
		};
		2273AA9D2B1BE3120023D79F /* Models */ = {
			isa = PBXGroup;
			children = (
				2273AAA52B1BF44F0023D79F /* RoomModel.swift */,
				2273AAA72B1BF7100023D79F /* GenericMessage.swift */,
				2273AAAB2B1D14750023D79F /* PlayerModel.swift */,
				8097240A2B2127F60057932B /* PlayerStatusModel.swift */,
			);
			path = Models;
			sourceTree = "<group>";
		};
		2273AA9E2B1BE3270023D79F /* Resources */ = {
			isa = PBXGroup;
			children = (
				2273AA8C2B1BE1A10023D79F /* Assets.xcassets */,
				80286D5E2B1EA07100772A9C /* Colors */,
				80A2F8032B1FC49C00936339 /* Fonts */,
				80286D5B2B1EA04A00772A9C /* Images */,
			);
			path = Resources;
			sourceTree = "<group>";
		};
		2273AA9F2B1BE33A0023D79F /* Features */ = {
			isa = PBXGroup;
			children = (
				80286D612B1EA22300772A9C /* SplashScreen */,
				2273AAAF2B1E76AD0023D79F /* PlayerConfig */,
				80A2F8152B1FE9F200936339 /* Host&JoinRoom */,
				809724062B211D950057932B /* WaitingRoom */,
				FF6FE2112B4C84DC00EB6AC8 /* GameScreen */,
			);
			path = Features;
			sourceTree = "<group>";
		};
		2273AAAF2B1E76AD0023D79F /* PlayerConfig */ = {
			isa = PBXGroup;
			children = (
				2273AAB02B1E772A0023D79F /* PlayerConfigView.swift */,
				FF59C8262B4854DF00BDB87F /* PlayerConfigRoute.swift */,
			);
			path = PlayerConfig;
			sourceTree = "<group>";
		};
		80286D5B2B1EA04A00772A9C /* Images */ = {
			isa = PBXGroup;
			children = (
				80286D5C2B1EA06A00772A9C /* ImageManager.swift */,
			);
			path = Images;
			sourceTree = "<group>";
		};
		80286D5E2B1EA07100772A9C /* Colors */ = {
			isa = PBXGroup;
			children = (
				80286D5F2B1EA07A00772A9C /* ColorManager.swift */,
			);
			path = Colors;
			sourceTree = "<group>";
		};
		80286D612B1EA22300772A9C /* SplashScreen */ = {
			isa = PBXGroup;
			children = (
				802169752B1EA55800BF9F5F /* SplashScreenView.swift */,
			);
			path = SplashScreen;
			sourceTree = "<group>";
		};
		809724062B211D950057932B /* WaitingRoom */ = {
			isa = PBXGroup;
			children = (
				809724082B211DB30057932B /* WaitingRoomView.swift */,
				FF6FE2122B4CA0B600EB6AC8 /* WaitingRoomRouter.swift */,
				809724072B211DA40057932B /* Components */,
			);
			path = WaitingRoom;
			sourceTree = "<group>";
		};
		809724072B211DA40057932B /* Components */ = {
			isa = PBXGroup;
			children = (
				8097240C2B2132980057932B /* PlayerCard.swift */,
				8097240E2B2133160057932B /* WaitingRoomHeader.swift */,
				809724102B2133A30057932B /* ButtonsSection.swift */,
			);
			path = Components;
			sourceTree = "<group>";
		};
		80A2F8032B1FC49C00936339 /* Fonts */ = {
			isa = PBXGroup;
			children = (
				80A2F8042B1FC4AC00936339 /* FontManager.swift */,
				80A2F8062B1FC54300936339 /* Nippo */,
			);
			path = Fonts;
			sourceTree = "<group>";
		};
		80A2F8062B1FC54300936339 /* Nippo */ = {
			isa = PBXGroup;
			children = (
				80A2F8072B1FC56900936339 /* Nippo-Bold.otf */,
				80A2F8092B1FC57400936339 /* Nippo-Medium.otf */,
				80A2F80A2B1FC57B00936339 /* Nippo-Regular.otf */,
				80A2F80B2B1FC58000936339 /* Nippo-Light.otf */,
				80A2F80C2B1FC58700936339 /* Nippo-Extralight.otf */,
			);
			path = Nippo;
			sourceTree = "<group>";
		};
		80A2F8152B1FE9F200936339 /* Host&JoinRoom */ = {
			isa = PBXGroup;
			children = (
				2273AAA92B1D11E20023D79F /* HostJoinView.swift */,
				FF59C8282B485B3E00BDB87F /* HostJoinRoomRoute.swift */,
				80A2F8162B1FF3B700936339 /* Components */,
			);
			path = "Host&JoinRoom";
			sourceTree = "<group>";
		};
		80A2F8162B1FF3B700936339 /* Components */ = {
			isa = PBXGroup;
			children = (
				80A2F8172B1FF3C400936339 /* RoomCardView.swift */,
			);
			path = Components;
			sourceTree = "<group>";
		};
		FF59C81F2B48537200BDB87F /* Protocols */ = {
			isa = PBXGroup;
			children = (
				FF59C8202B48538800BDB87F /* Coordinator.swift */,
				FF59C8222B48539800BDB87F /* FlowBuilder.swift */,
				FF59C8242B4853D500BDB87F /* Route.swift */,
			);
			path = Protocols;
			sourceTree = "<group>";
		};
		FF59C82A2B485D9000BDB87F /* Helpers */ = {
			isa = PBXGroup;
			children = (
				FF59C82C2B485DB900BDB87F /* KeysService.swift */,
			);
			path = Helpers;
			sourceTree = "<group>";
		};
		FF6FE2112B4C84DC00EB6AC8 /* GameScreen */ = {
			isa = PBXGroup;
			children = (
				FF6FE2142B4CA53200EB6AC8 /* GameScreen.swift */,
				FF6FE2162B4CA54400EB6AC8 /* GameScreenRoute.swift */,
			);
			path = GameScreen;
			sourceTree = "<group>";
		};
/* End PBXGroup section */

/* Begin PBXNativeTarget section */
		2273AA842B1BE1A00023D79F /* MGGame */ = {
			isa = PBXNativeTarget;
			buildConfigurationList = 2273AA942B1BE1A10023D79F /* Build configuration list for PBXNativeTarget "MGGame" */;
			buildPhases = (
				2273AA812B1BE1A00023D79F /* Sources */,
				2273AA822B1BE1A00023D79F /* Frameworks */,
				2273AA832B1BE1A00023D79F /* Resources */,
			);
			buildRules = (
			);
			dependencies = (
			);
			name = MGGame;
			productName = MGGame;
			productReference = 2273AA852B1BE1A00023D79F /* MGGame.app */;
			productType = "com.apple.product-type.application";
		};
/* End PBXNativeTarget section */

/* Begin PBXProject section */
		2273AA7D2B1BE1A00023D79F /* Project object */ = {
			isa = PBXProject;
			attributes = {
				BuildIndependentTargetsInParallel = 1;
				LastSwiftUpdateCheck = 1500;
				LastUpgradeCheck = 1500;
				TargetAttributes = {
					2273AA842B1BE1A00023D79F = {
						CreatedOnToolsVersion = 15.0.1;
					};
				};
			};
			buildConfigurationList = 2273AA802B1BE1A00023D79F /* Build configuration list for PBXProject "MGGame" */;
			compatibilityVersion = "Xcode 14.0";
			developmentRegion = en;
			hasScannedForEncodings = 0;
			knownRegions = (
				en,
				Base,
			);
			mainGroup = 2273AA7C2B1BE1A00023D79F;
			productRefGroup = 2273AA862B1BE1A00023D79F /* Products */;
			projectDirPath = "";
			projectRoot = "";
			targets = (
				2273AA842B1BE1A00023D79F /* MGGame */,
			);
		};
/* End PBXProject section */

/* Begin PBXResourcesBuildPhase section */
		2273AA832B1BE1A00023D79F /* Resources */ = {
			isa = PBXResourcesBuildPhase;
			buildActionMask = 2147483647;
			files = (
				80A2F8102B1FC8C300936339 /* Nippo-Extralight.otf in Resources */,
				2273AA912B1BE1A10023D79F /* Preview Assets.xcassets in Resources */,
				80A2F80F2B1FC8C000936339 /* Nippo-Light.otf in Resources */,
				2273AA8D2B1BE1A10023D79F /* Assets.xcassets in Resources */,
				80A2F8082B1FC56900936339 /* Nippo-Bold.otf in Resources */,
				80A2F80D2B1FC8B900936339 /* Nippo-Medium.otf in Resources */,
				80A2F80E2B1FC8BD00936339 /* Nippo-Regular.otf in Resources */,
			);
			runOnlyForDeploymentPostprocessing = 0;
		};
/* End PBXResourcesBuildPhase section */

/* Begin PBXSourcesBuildPhase section */
		2273AA812B1BE1A00023D79F /* Sources */ = {
			isa = PBXSourcesBuildPhase;
			buildActionMask = 2147483647;
			files = (
				809724092B211DB30057932B /* WaitingRoomView.swift in Sources */,
				80A2F8142B1FE43C00936339 /* GameViewModel.swift in Sources */,
				2273AAAC2B1D14750023D79F /* PlayerModel.swift in Sources */,
				FF59C8272B4854DF00BDB87F /* PlayerConfigRoute.swift in Sources */,
				FF59C8292B485B3E00BDB87F /* HostJoinRoomRoute.swift in Sources */,
				FF6FE2152B4CA53200EB6AC8 /* GameScreen.swift in Sources */,
				2273AAA62B1BF44F0023D79F /* RoomModel.swift in Sources */,
				8097240B2B2127F60057932B /* PlayerStatusModel.swift in Sources */,
				809724112B2133A30057932B /* ButtonsSection.swift in Sources */,
				FF59C8212B48538800BDB87F /* Coordinator.swift in Sources */,
				FF59C81E2B4852D300BDB87F /* AppCoordinator.swift in Sources */,
				8097240F2B2133160057932B /* WaitingRoomHeader.swift in Sources */,
				FF59C82D2B485DB900BDB87F /* KeysService.swift in Sources */,
				FF6FE2172B4CA54400EB6AC8 /* GameScreenRoute.swift in Sources */,
				2273AAA82B1BF7100023D79F /* GenericMessage.swift in Sources */,
				2273AAB12B1E772A0023D79F /* PlayerConfigView.swift in Sources */,
				2273AA982B1BE2140023D79F /* ConnectionService.swift in Sources */,
				80286D5D2B1EA06A00772A9C /* ImageManager.swift in Sources */,
				8097240D2B2132980057932B /* PlayerCard.swift in Sources */,
				FF59C8232B48539800BDB87F /* FlowBuilder.swift in Sources */,
				80A2F8182B1FF3C400936339 /* RoomCardView.swift in Sources */,
				2273AA892B1BE1A00023D79F /* MGGameApp.swift in Sources */,
				80A2F8052B1FC4AC00936339 /* FontManager.swift in Sources */,
				80286D602B1EA07A00772A9C /* ColorManager.swift in Sources */,
				802169762B1EA55800BF9F5F /* SplashScreenView.swift in Sources */,
				FF59C8252B4853D500BDB87F /* Route.swift in Sources */,
				FF6FE2132B4CA0B600EB6AC8 /* WaitingRoomRouter.swift in Sources */,
				2273AAAA2B1D11E20023D79F /* HostJoinView.swift in Sources */,
				2273AAA42B1BF33F0023D79F /* DecodeService.swift in Sources */,
			);
			runOnlyForDeploymentPostprocessing = 0;
		};
/* End PBXSourcesBuildPhase section */

/* Begin XCBuildConfiguration section */
		2273AA922B1BE1A10023D79F /* Debug */ = {
			isa = XCBuildConfiguration;
			buildSettings = {
				ALWAYS_SEARCH_USER_PATHS = NO;
				ASSETCATALOG_COMPILER_GENERATE_SWIFT_ASSET_SYMBOL_EXTENSIONS = YES;
				CLANG_ANALYZER_NONNULL = YES;
				CLANG_ANALYZER_NUMBER_OBJECT_CONVERSION = YES_AGGRESSIVE;
				CLANG_CXX_LANGUAGE_STANDARD = "gnu++20";
				CLANG_ENABLE_MODULES = YES;
				CLANG_ENABLE_OBJC_ARC = YES;
				CLANG_ENABLE_OBJC_WEAK = YES;
				CLANG_WARN_BLOCK_CAPTURE_AUTORELEASING = YES;
				CLANG_WARN_BOOL_CONVERSION = YES;
				CLANG_WARN_COMMA = YES;
				CLANG_WARN_CONSTANT_CONVERSION = YES;
				CLANG_WARN_DEPRECATED_OBJC_IMPLEMENTATIONS = YES;
				CLANG_WARN_DIRECT_OBJC_ISA_USAGE = YES_ERROR;
				CLANG_WARN_DOCUMENTATION_COMMENTS = YES;
				CLANG_WARN_EMPTY_BODY = YES;
				CLANG_WARN_ENUM_CONVERSION = YES;
				CLANG_WARN_INFINITE_RECURSION = YES;
				CLANG_WARN_INT_CONVERSION = YES;
				CLANG_WARN_NON_LITERAL_NULL_CONVERSION = YES;
				CLANG_WARN_OBJC_IMPLICIT_RETAIN_SELF = YES;
				CLANG_WARN_OBJC_LITERAL_CONVERSION = YES;
				CLANG_WARN_OBJC_ROOT_CLASS = YES_ERROR;
				CLANG_WARN_QUOTED_INCLUDE_IN_FRAMEWORK_HEADER = YES;
				CLANG_WARN_RANGE_LOOP_ANALYSIS = YES;
				CLANG_WARN_STRICT_PROTOTYPES = YES;
				CLANG_WARN_SUSPICIOUS_MOVE = YES;
				CLANG_WARN_UNGUARDED_AVAILABILITY = YES_AGGRESSIVE;
				CLANG_WARN_UNREACHABLE_CODE = YES;
				CLANG_WARN__DUPLICATE_METHOD_MATCH = YES;
				COPY_PHASE_STRIP = NO;
				DEBUG_INFORMATION_FORMAT = dwarf;
				ENABLE_STRICT_OBJC_MSGSEND = YES;
				ENABLE_TESTABILITY = YES;
				ENABLE_USER_SCRIPT_SANDBOXING = YES;
				GCC_C_LANGUAGE_STANDARD = gnu17;
				GCC_DYNAMIC_NO_PIC = NO;
				GCC_NO_COMMON_BLOCKS = YES;
				GCC_OPTIMIZATION_LEVEL = 0;
				GCC_PREPROCESSOR_DEFINITIONS = (
					"DEBUG=1",
					"$(inherited)",
				);
				GCC_WARN_64_TO_32_BIT_CONVERSION = YES;
				GCC_WARN_ABOUT_RETURN_TYPE = YES_ERROR;
				GCC_WARN_UNDECLARED_SELECTOR = YES;
				GCC_WARN_UNINITIALIZED_AUTOS = YES_AGGRESSIVE;
				GCC_WARN_UNUSED_FUNCTION = YES;
				GCC_WARN_UNUSED_VARIABLE = YES;
				LOCALIZATION_PREFERS_STRING_CATALOGS = YES;
				MTL_ENABLE_DEBUG_INFO = INCLUDE_SOURCE;
				MTL_FAST_MATH = YES;
				ONLY_ACTIVE_ARCH = YES;
				SWIFT_ACTIVE_COMPILATION_CONDITIONS = "DEBUG $(inherited)";
				SWIFT_OPTIMIZATION_LEVEL = "-Onone";
			};
			name = Debug;
		};
		2273AA932B1BE1A10023D79F /* Release */ = {
			isa = XCBuildConfiguration;
			buildSettings = {
				ALWAYS_SEARCH_USER_PATHS = NO;
				ASSETCATALOG_COMPILER_GENERATE_SWIFT_ASSET_SYMBOL_EXTENSIONS = YES;
				CLANG_ANALYZER_NONNULL = YES;
				CLANG_ANALYZER_NUMBER_OBJECT_CONVERSION = YES_AGGRESSIVE;
				CLANG_CXX_LANGUAGE_STANDARD = "gnu++20";
				CLANG_ENABLE_MODULES = YES;
				CLANG_ENABLE_OBJC_ARC = YES;
				CLANG_ENABLE_OBJC_WEAK = YES;
				CLANG_WARN_BLOCK_CAPTURE_AUTORELEASING = YES;
				CLANG_WARN_BOOL_CONVERSION = YES;
				CLANG_WARN_COMMA = YES;
				CLANG_WARN_CONSTANT_CONVERSION = YES;
				CLANG_WARN_DEPRECATED_OBJC_IMPLEMENTATIONS = YES;
				CLANG_WARN_DIRECT_OBJC_ISA_USAGE = YES_ERROR;
				CLANG_WARN_DOCUMENTATION_COMMENTS = YES;
				CLANG_WARN_EMPTY_BODY = YES;
				CLANG_WARN_ENUM_CONVERSION = YES;
				CLANG_WARN_INFINITE_RECURSION = YES;
				CLANG_WARN_INT_CONVERSION = YES;
				CLANG_WARN_NON_LITERAL_NULL_CONVERSION = YES;
				CLANG_WARN_OBJC_IMPLICIT_RETAIN_SELF = YES;
				CLANG_WARN_OBJC_LITERAL_CONVERSION = YES;
				CLANG_WARN_OBJC_ROOT_CLASS = YES_ERROR;
				CLANG_WARN_QUOTED_INCLUDE_IN_FRAMEWORK_HEADER = YES;
				CLANG_WARN_RANGE_LOOP_ANALYSIS = YES;
				CLANG_WARN_STRICT_PROTOTYPES = YES;
				CLANG_WARN_SUSPICIOUS_MOVE = YES;
				CLANG_WARN_UNGUARDED_AVAILABILITY = YES_AGGRESSIVE;
				CLANG_WARN_UNREACHABLE_CODE = YES;
				CLANG_WARN__DUPLICATE_METHOD_MATCH = YES;
				COPY_PHASE_STRIP = NO;
				DEBUG_INFORMATION_FORMAT = "dwarf-with-dsym";
				ENABLE_NS_ASSERTIONS = NO;
				ENABLE_STRICT_OBJC_MSGSEND = YES;
				ENABLE_USER_SCRIPT_SANDBOXING = YES;
				GCC_C_LANGUAGE_STANDARD = gnu17;
				GCC_NO_COMMON_BLOCKS = YES;
				GCC_WARN_64_TO_32_BIT_CONVERSION = YES;
				GCC_WARN_ABOUT_RETURN_TYPE = YES_ERROR;
				GCC_WARN_UNDECLARED_SELECTOR = YES;
				GCC_WARN_UNINITIALIZED_AUTOS = YES_AGGRESSIVE;
				GCC_WARN_UNUSED_FUNCTION = YES;
				GCC_WARN_UNUSED_VARIABLE = YES;
				LOCALIZATION_PREFERS_STRING_CATALOGS = YES;
				MTL_ENABLE_DEBUG_INFO = NO;
				MTL_FAST_MATH = YES;
				SWIFT_COMPILATION_MODE = wholemodule;
			};
			name = Release;
		};
		2273AA952B1BE1A10023D79F /* Debug */ = {
			isa = XCBuildConfiguration;
			buildSettings = {
				ASSETCATALOG_COMPILER_APPICON_NAME = AppIcon;
				ASSETCATALOG_COMPILER_GLOBAL_ACCENT_COLOR_NAME = AccentColor;
				CODE_SIGN_ENTITLEMENTS = MGGame/MGGame.entitlements;
				CODE_SIGN_STYLE = Automatic;
				CURRENT_PROJECT_VERSION = 1;
				DEVELOPMENT_ASSET_PATHS = "\"MGGame/Preview Content\"";
				ENABLE_PREVIEWS = YES;
				GENERATE_INFOPLIST_FILE = YES;
				INFOPLIST_FILE = MGGame/Info.plist;
				"INFOPLIST_KEY_UIApplicationSceneManifest_Generation[sdk=iphoneos*]" = YES;
				"INFOPLIST_KEY_UIApplicationSceneManifest_Generation[sdk=iphonesimulator*]" = YES;
				"INFOPLIST_KEY_UIApplicationSupportsIndirectInputEvents[sdk=iphoneos*]" = YES;
				"INFOPLIST_KEY_UIApplicationSupportsIndirectInputEvents[sdk=iphonesimulator*]" = YES;
				"INFOPLIST_KEY_UILaunchScreen_Generation[sdk=iphoneos*]" = YES;
				"INFOPLIST_KEY_UILaunchScreen_Generation[sdk=iphonesimulator*]" = YES;
				"INFOPLIST_KEY_UIStatusBarStyle[sdk=iphoneos*]" = UIStatusBarStyleDefault;
				"INFOPLIST_KEY_UIStatusBarStyle[sdk=iphonesimulator*]" = UIStatusBarStyleDefault;
				INFOPLIST_KEY_UISupportedInterfaceOrientations_iPad = "UIInterfaceOrientationPortrait UIInterfaceOrientationPortraitUpsideDown UIInterfaceOrientationLandscapeLeft UIInterfaceOrientationLandscapeRight";
				INFOPLIST_KEY_UISupportedInterfaceOrientations_iPhone = "UIInterfaceOrientationPortrait UIInterfaceOrientationLandscapeLeft UIInterfaceOrientationLandscapeRight";
				IPHONEOS_DEPLOYMENT_TARGET = 17.0;
				LD_RUNPATH_SEARCH_PATHS = "@executable_path/Frameworks";
				"LD_RUNPATH_SEARCH_PATHS[sdk=macosx*]" = "@executable_path/../Frameworks";
				MACOSX_DEPLOYMENT_TARGET = 14.0;
				MARKETING_VERSION = 1.0;
				PRODUCT_BUNDLE_IDENTIFIER = residenciaAcademy.MGGame;
				PRODUCT_NAME = "$(TARGET_NAME)";
				SDKROOT = auto;
				SUPPORTED_PLATFORMS = "iphoneos iphonesimulator macosx";
				SWIFT_EMIT_LOC_STRINGS = YES;
				SWIFT_VERSION = 5.0;
				TARGETED_DEVICE_FAMILY = "1,2";
			};
			name = Debug;
		};
		2273AA962B1BE1A10023D79F /* Release */ = {
			isa = XCBuildConfiguration;
			buildSettings = {
				ASSETCATALOG_COMPILER_APPICON_NAME = AppIcon;
				ASSETCATALOG_COMPILER_GLOBAL_ACCENT_COLOR_NAME = AccentColor;
				CODE_SIGN_ENTITLEMENTS = MGGame/MGGame.entitlements;
				CODE_SIGN_STYLE = Automatic;
				CURRENT_PROJECT_VERSION = 1;
				DEVELOPMENT_ASSET_PATHS = "\"MGGame/Preview Content\"";
				ENABLE_PREVIEWS = YES;
				GENERATE_INFOPLIST_FILE = YES;
				INFOPLIST_FILE = MGGame/Info.plist;
				"INFOPLIST_KEY_UIApplicationSceneManifest_Generation[sdk=iphoneos*]" = YES;
				"INFOPLIST_KEY_UIApplicationSceneManifest_Generation[sdk=iphonesimulator*]" = YES;
				"INFOPLIST_KEY_UIApplicationSupportsIndirectInputEvents[sdk=iphoneos*]" = YES;
				"INFOPLIST_KEY_UIApplicationSupportsIndirectInputEvents[sdk=iphonesimulator*]" = YES;
				"INFOPLIST_KEY_UILaunchScreen_Generation[sdk=iphoneos*]" = YES;
				"INFOPLIST_KEY_UILaunchScreen_Generation[sdk=iphonesimulator*]" = YES;
				"INFOPLIST_KEY_UIStatusBarStyle[sdk=iphoneos*]" = UIStatusBarStyleDefault;
				"INFOPLIST_KEY_UIStatusBarStyle[sdk=iphonesimulator*]" = UIStatusBarStyleDefault;
				INFOPLIST_KEY_UISupportedInterfaceOrientations_iPad = "UIInterfaceOrientationPortrait UIInterfaceOrientationPortraitUpsideDown UIInterfaceOrientationLandscapeLeft UIInterfaceOrientationLandscapeRight";
				INFOPLIST_KEY_UISupportedInterfaceOrientations_iPhone = "UIInterfaceOrientationPortrait UIInterfaceOrientationLandscapeLeft UIInterfaceOrientationLandscapeRight";
				IPHONEOS_DEPLOYMENT_TARGET = 17.0;
				LD_RUNPATH_SEARCH_PATHS = "@executable_path/Frameworks";
				"LD_RUNPATH_SEARCH_PATHS[sdk=macosx*]" = "@executable_path/../Frameworks";
				MACOSX_DEPLOYMENT_TARGET = 14.0;
				MARKETING_VERSION = 1.0;
				PRODUCT_BUNDLE_IDENTIFIER = residenciaAcademy.MGGame;
				PRODUCT_NAME = "$(TARGET_NAME)";
				SDKROOT = auto;
				SUPPORTED_PLATFORMS = "iphoneos iphonesimulator macosx";
				SWIFT_EMIT_LOC_STRINGS = YES;
				SWIFT_VERSION = 5.0;
				TARGETED_DEVICE_FAMILY = "1,2";
			};
			name = Release;
		};
/* End XCBuildConfiguration section */

/* Begin XCConfigurationList section */
		2273AA802B1BE1A00023D79F /* Build configuration list for PBXProject "MGGame" */ = {
			isa = XCConfigurationList;
			buildConfigurations = (
				2273AA922B1BE1A10023D79F /* Debug */,
				2273AA932B1BE1A10023D79F /* Release */,
			);
			defaultConfigurationIsVisible = 0;
			defaultConfigurationName = Release;
		};
		2273AA942B1BE1A10023D79F /* Build configuration list for PBXNativeTarget "MGGame" */ = {
			isa = XCConfigurationList;
			buildConfigurations = (
				2273AA952B1BE1A10023D79F /* Debug */,
				2273AA962B1BE1A10023D79F /* Release */,
			);
			defaultConfigurationIsVisible = 0;
			defaultConfigurationName = Release;
		};
/* End XCConfigurationList section */
	};
	rootObject = 2273AA7D2B1BE1A00023D79F /* Project object */;
}
